
Microsoft Visual Studio Solution File, Format Version 12.00
# Visual Studio Version 17
VisualStudioVersion = 17.9.34622.214
MinimumVisualStudioVersion = 10.0.40219.1
Project("{9A19103F-16F7-4668-BE54-9A1E7A4F7556}") = "Graca", "Graca\Graca.csproj", "{BDA83B36-E79E-41E9-BACA-7DA1DF33093D}"
EndProject
Project("{9A19103F-16F7-4668-BE54-9A1E7A4F7556}") = "Model", "Model\Model.csproj", "{09C8F0B9-D759-4359-B9F3-233750852A40}"
EndProject
Project("{FAE04EC0-301F-11D3-BF4B-00C04F79EFBC}") = "BLL", "BLL\BLL.csproj", "{A381BD7D-0866-4DD6-9AEF-C370586FCF1C}"
EndProject
Project("{FAE04EC0-301F-11D3-BF4B-00C04F79EFBC}") = "BLL_EF", "BLL_EF\BLL_EF.csproj", "{55A6FCED-DAAC-4A8D-9005-D54E3277118F}"
EndProject
Project("{FAE04EC0-301F-11D3-BF4B-00C04F79EFBC}") = "DAL", "DAL\DAL.csproj", "{A9EF4BC1-3767-47E0-8ADD-910ED3213103}"
EndProject
Global
	GlobalSection(SolutionConfigurationPlatforms) = preSolution
		Debug|Any CPU = Debug|Any CPU
		Release|Any CPU = Release|Any CPU
	EndGlobalSection
	GlobalSection(ProjectConfigurationPlatforms) = postSolution
		{BDA83B36-E79E-41E9-BACA-7DA1DF33093D}.Debug|Any CPU.ActiveCfg = Debug|Any CPU
		{BDA83B36-E79E-41E9-BACA-7DA1DF33093D}.Debug|Any CPU.Build.0 = Debug|Any CPU
		{BDA83B36-E79E-41E9-BACA-7DA1DF33093D}.Release|Any CPU.ActiveCfg = Release|Any CPU
		{BDA83B36-E79E-41E9-BACA-7DA1DF33093D}.Release|Any CPU.Build.0 = Release|Any CPU
		{09C8F0B9-D759-4359-B9F3-233750852A40}.Debug|Any CPU.ActiveCfg = Debug|Any CPU
		{09C8F0B9-D759-4359-B9F3-233750852A40}.Debug|Any CPU.Build.0 = Debug|Any CPU
		{09C8F0B9-D759-4359-B9F3-233750852A40}.Release|Any CPU.ActiveCfg = Release|Any CPU
		{09C8F0B9-D759-4359-B9F3-233750852A40}.Release|Any CPU.Build.0 = Release|Any CPU
		{A381BD7D-0866-4DD6-9AEF-C370586FCF1C}.Debug|Any CPU.ActiveCfg = Debug|Any CPU
		{A381BD7D-0866-4DD6-9AEF-C370586FCF1C}.Debug|Any CPU.Build.0 = Debug|Any CPU
		{A381BD7D-0866-4DD6-9AEF-C370586FCF1C}.Release|Any CPU.ActiveCfg = Release|Any CPU
		{A381BD7D-0866-4DD6-9AEF-C370586FCF1C}.Release|Any CPU.Build.0 = Release|Any CPU
		{55A6FCED-DAAC-4A8D-9005-D54E3277118F}.Debug|Any CPU.ActiveCfg = Debug|Any CPU
		{55A6FCED-DAAC-4A8D-9005-D54E3277118F}.Debug|Any CPU.Build.0 = Debug|Any CPU
		{55A6FCED-DAAC-4A8D-9005-D54E3277118F}.Release|Any CPU.ActiveCfg = Release|Any CPU
		{55A6FCED-DAAC-4A8D-9005-D54E3277118F}.Release|Any CPU.Build.0 = Release|Any CPU
		{A9EF4BC1-3767-47E0-8ADD-910ED3213103}.Debug|Any CPU.ActiveCfg = Debug|Any CPU
		{A9EF4BC1-3767-47E0-8ADD-910ED3213103}.Debug|Any CPU.Build.0 = Debug|Any CPU
		{A9EF4BC1-3767-47E0-8ADD-910ED3213103}.Release|Any CPU.ActiveCfg = Release|Any CPU
		{A9EF4BC1-3767-47E0-8ADD-910ED3213103}.Release|Any CPU.Build.0 = Release|Any CPU
	EndGlobalSection
	GlobalSection(SolutionProperties) = preSolution
		HideSolutionNode = FALSE
	EndGlobalSection
	GlobalSection(ExtensibilityGlobals) = postSolution
		SolutionGuid = {CB4CDC05-1C9D-4888-A255-7CE83A02F14E}
	EndGlobalSection
EndGlobal
